
Microsoft Visual Studio Solution File, Format Version 12.00
# Visual Studio Version 16
VisualStudioVersion = 16.0.31205.134
MinimumVisualStudioVersion = 10.0.40219.1
Project("{FAE04EC0-301F-11D3-BF4B-00C04F79EFBC}") = "Proje", "Proje.csproj", "{6BC3FBC2-DC05-4CE3-BB07-02EA53F8EE38}"
EndProject
Project("{FAE04EC0-301F-11D3-BF4B-00C04F79EFBC}") = "MustafaDLL", "..\MustafaDLL\MustafaDLL.csproj", "{C293E28B-7B66-4C39-9DD2-658D8F49C418}"
EndProject
Global
	GlobalSection(SolutionConfigurationPlatforms) = preSolution
		Debug|Any CPU = Debug|Any CPU
		Release|Any CPU = Release|Any CPU
	EndGlobalSection
	GlobalSection(ProjectConfigurationPlatforms) = postSolution
		{6BC3FBC2-DC05-4CE3-BB07-02EA53F8EE38}.Debug|Any CPU.ActiveCfg = Debug|Any CPU
		{6BC3FBC2-DC05-4CE3-BB07-02EA53F8EE38}.Debug|Any CPU.Build.0 = Debug|Any CPU
		{6BC3FBC2-DC05-4CE3-BB07-02EA53F8EE38}.Release|Any CPU.ActiveCfg = Release|Any CPU
		{6BC3FBC2-DC05-4CE3-BB07-02EA53F8EE38}.Release|Any CPU.Build.0 = Release|Any CPU
		{C293E28B-7B66-4C39-9DD2-658D8F49C418}.Debug|Any CPU.ActiveCfg = Debug|Any CPU
		{C293E28B-7B66-4C39-9DD2-658D8F49C418}.Debug|Any CPU.Build.0 = Debug|Any CPU
		{C293E28B-7B66-4C39-9DD2-658D8F49C418}.Release|Any CPU.ActiveCfg = Release|Any CPU
		{C293E28B-7B66-4C39-9DD2-658D8F49C418}.Release|Any CPU.Build.0 = Release|Any CPU
	EndGlobalSection
	GlobalSection(SolutionProperties) = preSolution
		HideSolutionNode = FALSE
	EndGlobalSection
	GlobalSection(ExtensibilityGlobals) = postSolution
		SolutionGuid = {1DE053D8-F508-41AC-99F0-A715079E28EC}
	EndGlobalSection
EndGlobal
